
Microsoft Visual Studio Solution File, Format Version 12.00
# Visual Studio Version 17
VisualStudioVersion = 17.7.34031.279
MinimumVisualStudioVersion = 10.0.40219.1
Project("{9A19103F-16F7-4668-BE54-9A1E7A4F7556}") = "PersonAdmin", "PersonAdmin\PersonAdmin.csproj", "{5E24CC8F-816B-432C-96D3-F63D36E3CBBC}"
EndProject
Project("{FAE04EC0-301F-11D3-BF4B-00C04F79EFBC}") = "PersonAdminLib", "PersonAdminLib\PersonAdminLib.csproj", "{93D23CDF-2D1F-4256-954A-3114D6F45A6D}"
EndProject
Global
	GlobalSection(SolutionConfigurationPlatforms) = preSolution
		Debug|Any CPU = Debug|Any CPU
		Release|Any CPU = Release|Any CPU
	EndGlobalSection
	GlobalSection(ProjectConfigurationPlatforms) = postSolution
		{5E24CC8F-816B-432C-96D3-F63D36E3CBBC}.Debug|Any CPU.ActiveCfg = Debug|Any CPU
		{5E24CC8F-816B-432C-96D3-F63D36E3CBBC}.Debug|Any CPU.Build.0 = Debug|Any CPU
		{5E24CC8F-816B-432C-96D3-F63D36E3CBBC}.Release|Any CPU.ActiveCfg = Release|Any CPU
		{5E24CC8F-816B-432C-96D3-F63D36E3CBBC}.Release|Any CPU.Build.0 = Release|Any CPU
		{93D23CDF-2D1F-4256-954A-3114D6F45A6D}.Debug|Any CPU.ActiveCfg = Debug|Any CPU
		{93D23CDF-2D1F-4256-954A-3114D6F45A6D}.Debug|Any CPU.Build.0 = Debug|Any CPU
		{93D23CDF-2D1F-4256-954A-3114D6F45A6D}.Release|Any CPU.ActiveCfg = Release|Any CPU
		{93D23CDF-2D1F-4256-954A-3114D6F45A6D}.Release|Any CPU.Build.0 = Release|Any CPU
	EndGlobalSection
	GlobalSection(SolutionProperties) = preSolution
		HideSolutionNode = FALSE
	EndGlobalSection
	GlobalSection(ExtensibilityGlobals) = postSolution
		SolutionGuid = {C542AD01-3BFB-4CD0-AADF-4A320D678AD8}
	EndGlobalSection
EndGlobal
